
Microsoft Visual Studio Solution File, Format Version 12.00
# Visual Studio Version 16
VisualStudioVersion = 16.0.31613.86
MinimumVisualStudioVersion = 10.0.40219.1
Project("{FAE04EC0-301F-11D3-BF4B-00C04F79EFBC}") = "Project", "Project\Project.csproj", "{DDF3136D-2DD3-45F6-9679-A6AA53275433}"
EndProject
Project("{2150E333-8FDC-42A3-9474-1A3956D46DE8}") = "Classes", "Classes", "{5C5692BD-D31D-43AC-BE83-56DE457F3EB5}"
	ProjectSection(SolutionItems) = preProject
		Article.cs = Article.cs
		Defect.cs = Defect.cs
		Division.cs = Division.cs
		Employee.cs = Employee.cs
		Finishes_product_warehouse.cs = Finishes_product_warehouse.cs
		Material_cutting.cs = Material_cutting.cs
		Material_for_sketch.cs = Material_for_sketch.cs
		Post.cs = Post.cs
		Product.cs = Product.cs
		Product_Delivery.cs = Product_Delivery.cs
		Product_in_warehouse.cs = Product_in_warehouse.cs
		Raw_material_puchase_transaction.cs = Raw_material_puchase_transaction.cs
		Raw_material_warehouse.cs = Raw_material_warehouse.cs
		Row_stock.cs = Row_stock.cs
		Shop.cs = Shop.cs
		Shop_Emloyeer.cs = Shop_Emloyeer.cs
		Sketch.cs = Sketch.cs
		Sketch_Materialization.cs = Sketch_Materialization.cs
		Supplier.cs = Supplier.cs
		The_goods_delivery.cs = The_goods_delivery.cs
		Transaction_Contents.cs = Transaction_Contents.cs
	EndProjectSection
EndProject
Project("{2150E333-8FDC-42A3-9474-1A3956D46DE8}") = "Solution Items", "Solution Items", "{578C0CC3-2CAB-44A0-8698-ECF7649858D8}"
	ProjectSection(SolutionItems) = preProject
		App.Context.cs = App.Context.cs
	EndProjectSection
EndProject
Global
	GlobalSection(SolutionConfigurationPlatforms) = preSolution
		Debug|Any CPU = Debug|Any CPU
		Release|Any CPU = Release|Any CPU
	EndGlobalSection
	GlobalSection(ProjectConfigurationPlatforms) = postSolution
		{DDF3136D-2DD3-45F6-9679-A6AA53275433}.Debug|Any CPU.ActiveCfg = Debug|Any CPU
		{DDF3136D-2DD3-45F6-9679-A6AA53275433}.Debug|Any CPU.Build.0 = Debug|Any CPU
		{DDF3136D-2DD3-45F6-9679-A6AA53275433}.Release|Any CPU.ActiveCfg = Release|Any CPU
		{DDF3136D-2DD3-45F6-9679-A6AA53275433}.Release|Any CPU.Build.0 = Release|Any CPU
	EndGlobalSection
	GlobalSection(SolutionProperties) = preSolution
		HideSolutionNode = FALSE
	EndGlobalSection
	GlobalSection(ExtensibilityGlobals) = postSolution
		SolutionGuid = {9A3631F4-8BBA-41F8-8B11-0C86F1A7120C}
	EndGlobalSection
EndGlobal
